
Microsoft Visual Studio Solution File, Format Version 12.00
# Visual Studio Version 17
VisualStudioVersion = 17.7.34031.279
MinimumVisualStudioVersion = 10.0.40219.1
Project("{9A19103F-16F7-4668-BE54-9A1E7A4F7556}") = "ApiTest", "ApiTest\ApiTest.csproj", "{EBC67CD0-FC91-4E7B-B404-8D590FDE0448}"
EndProject
Project("{FAE04EC0-301F-11D3-BF4B-00C04F79EFBC}") = "ApiUnitTest", "ApiUnitTest\ApiUnitTest.csproj", "{AFAC299E-746A-4017-88D3-D228CE5A97E4}"
EndProject
Global
	GlobalSection(SolutionConfigurationPlatforms) = preSolution
		Debug|Any CPU = Debug|Any CPU
		Release|Any CPU = Release|Any CPU
	EndGlobalSection
	GlobalSection(ProjectConfigurationPlatforms) = postSolution
		{EBC67CD0-FC91-4E7B-B404-8D590FDE0448}.Debug|Any CPU.ActiveCfg = Debug|Any CPU
		{EBC67CD0-FC91-4E7B-B404-8D590FDE0448}.Debug|Any CPU.Build.0 = Debug|Any CPU
		{EBC67CD0-FC91-4E7B-B404-8D590FDE0448}.Release|Any CPU.ActiveCfg = Release|Any CPU
		{EBC67CD0-FC91-4E7B-B404-8D590FDE0448}.Release|Any CPU.Build.0 = Release|Any CPU
		{AFAC299E-746A-4017-88D3-D228CE5A97E4}.Debug|Any CPU.ActiveCfg = Debug|Any CPU
		{AFAC299E-746A-4017-88D3-D228CE5A97E4}.Debug|Any CPU.Build.0 = Debug|Any CPU
		{AFAC299E-746A-4017-88D3-D228CE5A97E4}.Release|Any CPU.ActiveCfg = Release|Any CPU
		{AFAC299E-746A-4017-88D3-D228CE5A97E4}.Release|Any CPU.Build.0 = Release|Any CPU
	EndGlobalSection
	GlobalSection(SolutionProperties) = preSolution
		HideSolutionNode = FALSE
	EndGlobalSection
	GlobalSection(ExtensibilityGlobals) = postSolution
		SolutionGuid = {26381F83-A23E-42EC-B434-A6A1486C608D}
	EndGlobalSection
EndGlobal
